// !$*UTF8*$!
{
	archiveVersion = 1;
	classes = {
	};
	objectVersion = 56;
	objects = {

/* Begin PBXBuildFile section */
		022EEB742AD86289001291B5 /* Mindful_MomentsApp.swift in Sources */ = {isa = PBXBuildFile; fileRef = 022EEB732AD86289001291B5 /* Mindful_MomentsApp.swift */; };
		022EEB762AD86289001291B5 /* ContentView.swift in Sources */ = {isa = PBXBuildFile; fileRef = 022EEB752AD86289001291B5 /* ContentView.swift */; };
		022EEB782AD8628F001291B5 /* Assets.xcassets in Resources */ = {isa = PBXBuildFile; fileRef = 022EEB772AD8628F001291B5 /* Assets.xcassets */; };
		022EEB7C2AD8628F001291B5 /* Preview Assets.xcassets in Resources */ = {isa = PBXBuildFile; fileRef = 022EEB7B2AD8628F001291B5 /* Preview Assets.xcassets */; };
		022EEB862AD8628F001291B5 /* Mindful_MomentsTests.swift in Sources */ = {isa = PBXBuildFile; fileRef = 022EEB852AD8628F001291B5 /* Mindful_MomentsTests.swift */; };
		022EEB902AD8628F001291B5 /* Mindful_MomentsUITests.swift in Sources */ = {isa = PBXBuildFile; fileRef = 022EEB8F2AD8628F001291B5 /* Mindful_MomentsUITests.swift */; };
		022EEB922AD8628F001291B5 /* Mindful_MomentsUITestsLaunchTests.swift in Sources */ = {isa = PBXBuildFile; fileRef = 022EEB912AD8628F001291B5 /* Mindful_MomentsUITestsLaunchTests.swift */; };
		708CFEFC2B150FD900F867B1 /* DesignB_FeelingsView.swift in Sources */ = {isa = PBXBuildFile; fileRef = 708CFEFB2B150FD900F867B1 /* DesignB_FeelingsView.swift */; };
		708CFEFE2B15108E00F867B1 /* DesignB_FeelingPicker.swift in Sources */ = {isa = PBXBuildFile; fileRef = 708CFEFD2B15108E00F867B1 /* DesignB_FeelingPicker.swift */; };
		708CFF002B15150F00F867B1 /* DesignB_TimeView.swift in Sources */ = {isa = PBXBuildFile; fileRef = 708CFEFF2B15150F00F867B1 /* DesignB_TimeView.swift */; };
		70AEE5292ADC8A17003DA972 /* TimePicker.swift in Sources */ = {isa = PBXBuildFile; fileRef = 70AEE5282ADC8A17003DA972 /* TimePicker.swift */; };
		70AEE52B2ADDD80C003DA972 /* FeelingPicker.swift in Sources */ = {isa = PBXBuildFile; fileRef = 70AEE52A2ADDD80C003DA972 /* FeelingPicker.swift */; };
		9FADFF5F2AD8B8170072F79B /* QuestionView.swift in Sources */ = {isa = PBXBuildFile; fileRef = 9FADFF5E2AD8B8170072F79B /* QuestionView.swift */; };
		9FBA5BAE2ADEE37F00331638 /* MainScreenView.swift in Sources */ = {isa = PBXBuildFile; fileRef = 9FBA5BAD2ADEE37F00331638 /* MainScreenView.swift */; };
/* End PBXBuildFile section */

/* Begin PBXContainerItemProxy section */
		022EEB822AD8628F001291B5 /* PBXContainerItemProxy */ = {
			isa = PBXContainerItemProxy;
			containerPortal = 022EEB682AD86289001291B5 /* Project object */;
			proxyType = 1;
			remoteGlobalIDString = 022EEB6F2AD86289001291B5;
			remoteInfo = "Mindful Moments";
		};
		022EEB8C2AD8628F001291B5 /* PBXContainerItemProxy */ = {
			isa = PBXContainerItemProxy;
			containerPortal = 022EEB682AD86289001291B5 /* Project object */;
			proxyType = 1;
			remoteGlobalIDString = 022EEB6F2AD86289001291B5;
			remoteInfo = "Mindful Moments";
		};
/* End PBXContainerItemProxy section */

/* Begin PBXFileReference section */
		022EEB702AD86289001291B5 /* Mindful Moments.app */ = {isa = PBXFileReference; explicitFileType = wrapper.application; includeInIndex = 0; path = "Mindful Moments.app"; sourceTree = BUILT_PRODUCTS_DIR; };
		022EEB732AD86289001291B5 /* Mindful_MomentsApp.swift */ = {isa = PBXFileReference; lastKnownFileType = sourcecode.swift; path = Mindful_MomentsApp.swift; sourceTree = "<group>"; };
		022EEB752AD86289001291B5 /* ContentView.swift */ = {isa = PBXFileReference; lastKnownFileType = sourcecode.swift; path = ContentView.swift; sourceTree = "<group>"; };
		022EEB772AD8628F001291B5 /* Assets.xcassets */ = {isa = PBXFileReference; lastKnownFileType = folder.assetcatalog; path = Assets.xcassets; sourceTree = "<group>"; };
		022EEB792AD8628F001291B5 /* Mindful_Moments.entitlements */ = {isa = PBXFileReference; lastKnownFileType = text.plist.entitlements; path = Mindful_Moments.entitlements; sourceTree = "<group>"; };
		022EEB7B2AD8628F001291B5 /* Preview Assets.xcassets */ = {isa = PBXFileReference; lastKnownFileType = folder.assetcatalog; path = "Preview Assets.xcassets"; sourceTree = "<group>"; };
		022EEB812AD8628F001291B5 /* Mindful MomentsTests.xctest */ = {isa = PBXFileReference; explicitFileType = wrapper.cfbundle; includeInIndex = 0; path = "Mindful MomentsTests.xctest"; sourceTree = BUILT_PRODUCTS_DIR; };
		022EEB852AD8628F001291B5 /* Mindful_MomentsTests.swift */ = {isa = PBXFileReference; lastKnownFileType = sourcecode.swift; path = Mindful_MomentsTests.swift; sourceTree = "<group>"; };
		022EEB8B2AD8628F001291B5 /* Mindful MomentsUITests.xctest */ = {isa = PBXFileReference; explicitFileType = wrapper.cfbundle; includeInIndex = 0; path = "Mindful MomentsUITests.xctest"; sourceTree = BUILT_PRODUCTS_DIR; };
		022EEB8F2AD8628F001291B5 /* Mindful_MomentsUITests.swift */ = {isa = PBXFileReference; lastKnownFileType = sourcecode.swift; path = Mindful_MomentsUITests.swift; sourceTree = "<group>"; };
		022EEB912AD8628F001291B5 /* Mindful_MomentsUITestsLaunchTests.swift */ = {isa = PBXFileReference; lastKnownFileType = sourcecode.swift; path = Mindful_MomentsUITestsLaunchTests.swift; sourceTree = "<group>"; };
		708CFEFB2B150FD900F867B1 /* DesignB_FeelingsView.swift */ = {isa = PBXFileReference; lastKnownFileType = sourcecode.swift; path = DesignB_FeelingsView.swift; sourceTree = "<group>"; };
		708CFEFD2B15108E00F867B1 /* DesignB_FeelingPicker.swift */ = {isa = PBXFileReference; lastKnownFileType = sourcecode.swift; path = DesignB_FeelingPicker.swift; sourceTree = "<group>"; };
		708CFEFF2B15150F00F867B1 /* DesignB_TimeView.swift */ = {isa = PBXFileReference; lastKnownFileType = sourcecode.swift; path = DesignB_TimeView.swift; sourceTree = "<group>"; };
		70AEE5282ADC8A17003DA972 /* TimePicker.swift */ = {isa = PBXFileReference; lastKnownFileType = sourcecode.swift; path = TimePicker.swift; sourceTree = "<group>"; };
		70AEE52A2ADDD80C003DA972 /* FeelingPicker.swift */ = {isa = PBXFileReference; lastKnownFileType = sourcecode.swift; path = FeelingPicker.swift; sourceTree = "<group>"; };
		9FADFF5E2AD8B8170072F79B /* QuestionView.swift */ = {isa = PBXFileReference; lastKnownFileType = sourcecode.swift; path = QuestionView.swift; sourceTree = "<group>"; };
		9FBA5BAD2ADEE37F00331638 /* MainScreenView.swift */ = {isa = PBXFileReference; lastKnownFileType = sourcecode.swift; path = MainScreenView.swift; sourceTree = "<group>"; };
/* End PBXFileReference section */

/* Begin PBXFrameworksBuildPhase section */
		022EEB6D2AD86289001291B5 /* Frameworks */ = {
			isa = PBXFrameworksBuildPhase;
			buildActionMask = 2147483647;
			files = (
			);
			runOnlyForDeploymentPostprocessing = 0;
		};
		022EEB7E2AD8628F001291B5 /* Frameworks */ = {
			isa = PBXFrameworksBuildPhase;
			buildActionMask = 2147483647;
			files = (
			);
			runOnlyForDeploymentPostprocessing = 0;
		};
		022EEB882AD8628F001291B5 /* Frameworks */ = {
			isa = PBXFrameworksBuildPhase;
			buildActionMask = 2147483647;
			files = (
			);
			runOnlyForDeploymentPostprocessing = 0;
		};
/* End PBXFrameworksBuildPhase section */

/* Begin PBXGroup section */
		022EEB672AD86289001291B5 = {
			isa = PBXGroup;
			children = (
				022EEB722AD86289001291B5 /* Mindful Moments */,
				022EEB842AD8628F001291B5 /* Mindful MomentsTests */,
				022EEB8E2AD8628F001291B5 /* Mindful MomentsUITests */,
				022EEB712AD86289001291B5 /* Products */,
			);
			sourceTree = "<group>";
		};
		022EEB712AD86289001291B5 /* Products */ = {
			isa = PBXGroup;
			children = (
				022EEB702AD86289001291B5 /* Mindful Moments.app */,
				022EEB812AD8628F001291B5 /* Mindful MomentsTests.xctest */,
				022EEB8B2AD8628F001291B5 /* Mindful MomentsUITests.xctest */,
			);
			name = Products;
			sourceTree = "<group>";
		};
		022EEB722AD86289001291B5 /* Mindful Moments */ = {
			isa = PBXGroup;
			children = (
				022EEB732AD86289001291B5 /* Mindful_MomentsApp.swift */,
				022EEB752AD86289001291B5 /* ContentView.swift */,
				9FADFF5E2AD8B8170072F79B /* QuestionView.swift */,
				708CFEFB2B150FD900F867B1 /* DesignB_FeelingsView.swift */,
				708CFEFF2B15150F00F867B1 /* DesignB_TimeView.swift */,
				708CFEFD2B15108E00F867B1 /* DesignB_FeelingPicker.swift */,
				70AEE52A2ADDD80C003DA972 /* FeelingPicker.swift */,
				9FBA5BAD2ADEE37F00331638 /* MainScreenView.swift */,
				022EEB772AD8628F001291B5 /* Assets.xcassets */,
				022EEB792AD8628F001291B5 /* Mindful_Moments.entitlements */,
				022EEB7A2AD8628F001291B5 /* Preview Content */,
				70AEE5282ADC8A17003DA972 /* TimePicker.swift */,
			);
			path = "Mindful Moments";
			sourceTree = "<group>";
		};
		022EEB7A2AD8628F001291B5 /* Preview Content */ = {
			isa = PBXGroup;
			children = (
				022EEB7B2AD8628F001291B5 /* Preview Assets.xcassets */,
			);
			path = "Preview Content";
			sourceTree = "<group>";
		};
		022EEB842AD8628F001291B5 /* Mindful MomentsTests */ = {
			isa = PBXGroup;
			children = (
				022EEB852AD8628F001291B5 /* Mindful_MomentsTests.swift */,
			);
			path = "Mindful MomentsTests";
			sourceTree = "<group>";
		};
		022EEB8E2AD8628F001291B5 /* Mindful MomentsUITests */ = {
			isa = PBXGroup;
			children = (
				022EEB8F2AD8628F001291B5 /* Mindful_MomentsUITests.swift */,
				022EEB912AD8628F001291B5 /* Mindful_MomentsUITestsLaunchTests.swift */,
			);
			path = "Mindful MomentsUITests";
			sourceTree = "<group>";
		};
/* End PBXGroup section */

/* Begin PBXNativeTarget section */
		022EEB6F2AD86289001291B5 /* Mindful Moments */ = {
			isa = PBXNativeTarget;
			buildConfigurationList = 022EEB952AD8628F001291B5 /* Build configuration list for PBXNativeTarget "Mindful Moments" */;
			buildPhases = (
				022EEB6C2AD86289001291B5 /* Sources */,
				022EEB6D2AD86289001291B5 /* Frameworks */,
				022EEB6E2AD86289001291B5 /* Resources */,
			);
			buildRules = (
			);
			dependencies = (
			);
			name = "Mindful Moments";
			productName = "Mindful Moments";
			productReference = 022EEB702AD86289001291B5 /* Mindful Moments.app */;
			productType = "com.apple.product-type.application";
		};
		022EEB802AD8628F001291B5 /* Mindful MomentsTests */ = {
			isa = PBXNativeTarget;
			buildConfigurationList = 022EEB982AD8628F001291B5 /* Build configuration list for PBXNativeTarget "Mindful MomentsTests" */;
			buildPhases = (
				022EEB7D2AD8628F001291B5 /* Sources */,
				022EEB7E2AD8628F001291B5 /* Frameworks */,
				022EEB7F2AD8628F001291B5 /* Resources */,
			);
			buildRules = (
			);
			dependencies = (
				022EEB832AD8628F001291B5 /* PBXTargetDependency */,
			);
			name = "Mindful MomentsTests";
			productName = "Mindful MomentsTests";
			productReference = 022EEB812AD8628F001291B5 /* Mindful MomentsTests.xctest */;
			productType = "com.apple.product-type.bundle.unit-test";
		};
		022EEB8A2AD8628F001291B5 /* Mindful MomentsUITests */ = {
			isa = PBXNativeTarget;
			buildConfigurationList = 022EEB9B2AD8628F001291B5 /* Build configuration list for PBXNativeTarget "Mindful MomentsUITests" */;
			buildPhases = (
				022EEB872AD8628F001291B5 /* Sources */,
				022EEB882AD8628F001291B5 /* Frameworks */,
				022EEB892AD8628F001291B5 /* Resources */,
			);
			buildRules = (
			);
			dependencies = (
				022EEB8D2AD8628F001291B5 /* PBXTargetDependency */,
			);
			name = "Mindful MomentsUITests";
			productName = "Mindful MomentsUITests";
			productReference = 022EEB8B2AD8628F001291B5 /* Mindful MomentsUITests.xctest */;
			productType = "com.apple.product-type.bundle.ui-testing";
		};
/* End PBXNativeTarget section */

/* Begin PBXProject section */
		022EEB682AD86289001291B5 /* Project object */ = {
			isa = PBXProject;
			attributes = {
				BuildIndependentTargetsInParallel = 1;
				LastSwiftUpdateCheck = 1430;
				LastUpgradeCheck = 1430;
				TargetAttributes = {
					022EEB6F2AD86289001291B5 = {
						CreatedOnToolsVersion = 14.3.1;
					};
					022EEB802AD8628F001291B5 = {
						CreatedOnToolsVersion = 14.3.1;
						TestTargetID = 022EEB6F2AD86289001291B5;
					};
					022EEB8A2AD8628F001291B5 = {
						CreatedOnToolsVersion = 14.3.1;
						TestTargetID = 022EEB6F2AD86289001291B5;
					};
				};
			};
			buildConfigurationList = 022EEB6B2AD86289001291B5 /* Build configuration list for PBXProject "Mindful Moments" */;
			compatibilityVersion = "Xcode 14.0";
			developmentRegion = en;
			hasScannedForEncodings = 0;
			knownRegions = (
				en,
				Base,
			);
			mainGroup = 022EEB672AD86289001291B5;
			productRefGroup = 022EEB712AD86289001291B5 /* Products */;
			projectDirPath = "";
			projectRoot = "";
			targets = (
				022EEB6F2AD86289001291B5 /* Mindful Moments */,
				022EEB802AD8628F001291B5 /* Mindful MomentsTests */,
				022EEB8A2AD8628F001291B5 /* Mindful MomentsUITests */,
			);
		};
/* End PBXProject section */

/* Begin PBXResourcesBuildPhase section */
		022EEB6E2AD86289001291B5 /* Resources */ = {
			isa = PBXResourcesBuildPhase;
			buildActionMask = 2147483647;
			files = (
				022EEB7C2AD8628F001291B5 /* Preview Assets.xcassets in Resources */,
				022EEB782AD8628F001291B5 /* Assets.xcassets in Resources */,
			);
			runOnlyForDeploymentPostprocessing = 0;
		};
		022EEB7F2AD8628F001291B5 /* Resources */ = {
			isa = PBXResourcesBuildPhase;
			buildActionMask = 2147483647;
			files = (
			);
			runOnlyForDeploymentPostprocessing = 0;
		};
		022EEB892AD8628F001291B5 /* Resources */ = {
			isa = PBXResourcesBuildPhase;
			buildActionMask = 2147483647;
			files = (
			);
			runOnlyForDeploymentPostprocessing = 0;
		};
/* End PBXResourcesBuildPhase section */

/* Begin PBXSourcesBuildPhase section */
		022EEB6C2AD86289001291B5 /* Sources */ = {
			isa = PBXSourcesBuildPhase;
			buildActionMask = 2147483647;
			files = (
				022EEB762AD86289001291B5 /* ContentView.swift in Sources */,
				708CFEFE2B15108E00F867B1 /* DesignB_FeelingPicker.swift in Sources */,
				9FADFF5F2AD8B8170072F79B /* QuestionView.swift in Sources */,
				70AEE52B2ADDD80C003DA972 /* FeelingPicker.swift in Sources */,
				708CFEFC2B150FD900F867B1 /* DesignB_FeelingsView.swift in Sources */,
				022EEB742AD86289001291B5 /* Mindful_MomentsApp.swift in Sources */,
				9FBA5BAE2ADEE37F00331638 /* MainScreenView.swift in Sources */,
				708CFF002B15150F00F867B1 /* DesignB_TimeView.swift in Sources */,
				70AEE5292ADC8A17003DA972 /* TimePicker.swift in Sources */,
			);
			runOnlyForDeploymentPostprocessing = 0;
		};
		022EEB7D2AD8628F001291B5 /* Sources */ = {
			isa = PBXSourcesBuildPhase;
			buildActionMask = 2147483647;
			files = (
				022EEB862AD8628F001291B5 /* Mindful_MomentsTests.swift in Sources */,
			);
			runOnlyForDeploymentPostprocessing = 0;
		};
		022EEB872AD8628F001291B5 /* Sources */ = {
			isa = PBXSourcesBuildPhase;
			buildActionMask = 2147483647;
			files = (
				022EEB922AD8628F001291B5 /* Mindful_MomentsUITestsLaunchTests.swift in Sources */,
				022EEB902AD8628F001291B5 /* Mindful_MomentsUITests.swift in Sources */,
			);
			runOnlyForDeploymentPostprocessing = 0;
		};
/* End PBXSourcesBuildPhase section */

/* Begin PBXTargetDependency section */
		022EEB832AD8628F001291B5 /* PBXTargetDependency */ = {
			isa = PBXTargetDependency;
			target = 022EEB6F2AD86289001291B5 /* Mindful Moments */;
			targetProxy = 022EEB822AD8628F001291B5 /* PBXContainerItemProxy */;
		};
		022EEB8D2AD8628F001291B5 /* PBXTargetDependency */ = {
			isa = PBXTargetDependency;
			target = 022EEB6F2AD86289001291B5 /* Mindful Moments */;
			targetProxy = 022EEB8C2AD8628F001291B5 /* PBXContainerItemProxy */;
		};
/* End PBXTargetDependency section */

/* Begin XCBuildConfiguration section */
		022EEB932AD8628F001291B5 /* Debug */ = {
			isa = XCBuildConfiguration;
			buildSettings = {
				ALWAYS_SEARCH_USER_PATHS = NO;
				CLANG_ANALYZER_NONNULL = YES;
				CLANG_ANALYZER_NUMBER_OBJECT_CONVERSION = YES_AGGRESSIVE;
				CLANG_CXX_LANGUAGE_STANDARD = "gnu++20";
				CLANG_ENABLE_MODULES = YES;
				CLANG_ENABLE_OBJC_ARC = YES;
				CLANG_ENABLE_OBJC_WEAK = YES;
				CLANG_WARN_BLOCK_CAPTURE_AUTORELEASING = YES;
				CLANG_WARN_BOOL_CONVERSION = YES;
				CLANG_WARN_COMMA = YES;
				CLANG_WARN_CONSTANT_CONVERSION = YES;
				CLANG_WARN_DEPRECATED_OBJC_IMPLEMENTATIONS = YES;
				CLANG_WARN_DIRECT_OBJC_ISA_USAGE = YES_ERROR;
				CLANG_WARN_DOCUMENTATION_COMMENTS = YES;
				CLANG_WARN_EMPTY_BODY = YES;
				CLANG_WARN_ENUM_CONVERSION = YES;
				CLANG_WARN_INFINITE_RECURSION = YES;
				CLANG_WARN_INT_CONVERSION = YES;
				CLANG_WARN_NON_LITERAL_NULL_CONVERSION = YES;
				CLANG_WARN_OBJC_IMPLICIT_RETAIN_SELF = YES;
				CLANG_WARN_OBJC_LITERAL_CONVERSION = YES;
				CLANG_WARN_OBJC_ROOT_CLASS = YES_ERROR;
				CLANG_WARN_QUOTED_INCLUDE_IN_FRAMEWORK_HEADER = YES;
				CLANG_WARN_RANGE_LOOP_ANALYSIS = YES;
				CLANG_WARN_STRICT_PROTOTYPES = YES;
				CLANG_WARN_SUSPICIOUS_MOVE = YES;
				CLANG_WARN_UNGUARDED_AVAILABILITY = YES_AGGRESSIVE;
				CLANG_WARN_UNREACHABLE_CODE = YES;
				CLANG_WARN__DUPLICATE_METHOD_MATCH = YES;
				COPY_PHASE_STRIP = NO;
				DEBUG_INFORMATION_FORMAT = dwarf;
				ENABLE_STRICT_OBJC_MSGSEND = YES;
				ENABLE_TESTABILITY = YES;
				GCC_C_LANGUAGE_STANDARD = gnu11;
				GCC_DYNAMIC_NO_PIC = NO;
				GCC_NO_COMMON_BLOCKS = YES;
				GCC_OPTIMIZATION_LEVEL = 0;
				GCC_PREPROCESSOR_DEFINITIONS = (
					"DEBUG=1",
					"$(inherited)",
				);
				GCC_WARN_64_TO_32_BIT_CONVERSION = YES;
				GCC_WARN_ABOUT_RETURN_TYPE = YES_ERROR;
				GCC_WARN_UNDECLARED_SELECTOR = YES;
				GCC_WARN_UNINITIALIZED_AUTOS = YES_AGGRESSIVE;
				GCC_WARN_UNUSED_FUNCTION = YES;
				GCC_WARN_UNUSED_VARIABLE = YES;
				IPHONEOS_DEPLOYMENT_TARGET = 17.0;
				MTL_ENABLE_DEBUG_INFO = INCLUDE_SOURCE;
				MTL_FAST_MATH = YES;
				ONLY_ACTIVE_ARCH = YES;
				SWIFT_ACTIVE_COMPILATION_CONDITIONS = DEBUG;
				SWIFT_OPTIMIZATION_LEVEL = "-Onone";
			};
			name = Debug;
		};
		022EEB942AD8628F001291B5 /* Release */ = {
			isa = XCBuildConfiguration;
			buildSettings = {
				ALWAYS_SEARCH_USER_PATHS = NO;
				CLANG_ANALYZER_NONNULL = YES;
				CLANG_ANALYZER_NUMBER_OBJECT_CONVERSION = YES_AGGRESSIVE;
				CLANG_CXX_LANGUAGE_STANDARD = "gnu++20";
				CLANG_ENABLE_MODULES = YES;
				CLANG_ENABLE_OBJC_ARC = YES;
				CLANG_ENABLE_OBJC_WEAK = YES;
				CLANG_WARN_BLOCK_CAPTURE_AUTORELEASING = YES;
				CLANG_WARN_BOOL_CONVERSION = YES;
				CLANG_WARN_COMMA = YES;
				CLANG_WARN_CONSTANT_CONVERSION = YES;
				CLANG_WARN_DEPRECATED_OBJC_IMPLEMENTATIONS = YES;
				CLANG_WARN_DIRECT_OBJC_ISA_USAGE = YES_ERROR;
				CLANG_WARN_DOCUMENTATION_COMMENTS = YES;
				CLANG_WARN_EMPTY_BODY = YES;
				CLANG_WARN_ENUM_CONVERSION = YES;
				CLANG_WARN_INFINITE_RECURSION = YES;
				CLANG_WARN_INT_CONVERSION = YES;
				CLANG_WARN_NON_LITERAL_NULL_CONVERSION = YES;
				CLANG_WARN_OBJC_IMPLICIT_RETAIN_SELF = YES;
				CLANG_WARN_OBJC_LITERAL_CONVERSION = YES;
				CLANG_WARN_OBJC_ROOT_CLASS = YES_ERROR;
				CLANG_WARN_QUOTED_INCLUDE_IN_FRAMEWORK_HEADER = YES;
				CLANG_WARN_RANGE_LOOP_ANALYSIS = YES;
				CLANG_WARN_STRICT_PROTOTYPES = YES;
				CLANG_WARN_SUSPICIOUS_MOVE = YES;
				CLANG_WARN_UNGUARDED_AVAILABILITY = YES_AGGRESSIVE;
				CLANG_WARN_UNREACHABLE_CODE = YES;
				CLANG_WARN__DUPLICATE_METHOD_MATCH = YES;
				COPY_PHASE_STRIP = NO;
				DEBUG_INFORMATION_FORMAT = "dwarf-with-dsym";
				ENABLE_NS_ASSERTIONS = NO;
				ENABLE_STRICT_OBJC_MSGSEND = YES;
				GCC_C_LANGUAGE_STANDARD = gnu11;
				GCC_NO_COMMON_BLOCKS = YES;
				GCC_WARN_64_TO_32_BIT_CONVERSION = YES;
				GCC_WARN_ABOUT_RETURN_TYPE = YES_ERROR;
				GCC_WARN_UNDECLARED_SELECTOR = YES;
				GCC_WARN_UNINITIALIZED_AUTOS = YES_AGGRESSIVE;
				GCC_WARN_UNUSED_FUNCTION = YES;
				GCC_WARN_UNUSED_VARIABLE = YES;
				IPHONEOS_DEPLOYMENT_TARGET = 17.0;
				MTL_ENABLE_DEBUG_INFO = NO;
				MTL_FAST_MATH = YES;
				SWIFT_COMPILATION_MODE = wholemodule;
				SWIFT_OPTIMIZATION_LEVEL = "-O";
			};
			name = Release;
		};
		022EEB962AD8628F001291B5 /* Debug */ = {
			isa = XCBuildConfiguration;
			buildSettings = {
				ASSETCATALOG_COMPILER_APPICON_NAME = AppIcon;
				ASSETCATALOG_COMPILER_GLOBAL_ACCENT_COLOR_NAME = AccentColor;
				CODE_SIGN_ENTITLEMENTS = "Mindful Moments/Mindful_Moments.entitlements";
				CODE_SIGN_STYLE = Automatic;
				CURRENT_PROJECT_VERSION = 1;
				DEVELOPMENT_ASSET_PATHS = "\"Mindful Moments/Preview Content\"";
				DEVELOPMENT_TEAM = 38MD58LJPR;
				ENABLE_HARDENED_RUNTIME = YES;
				ENABLE_PREVIEWS = YES;
				GENERATE_INFOPLIST_FILE = YES;
				"INFOPLIST_KEY_UIApplicationSceneManifest_Generation[sdk=iphoneos*]" = YES;
				"INFOPLIST_KEY_UIApplicationSceneManifest_Generation[sdk=iphonesimulator*]" = YES;
				"INFOPLIST_KEY_UIApplicationSupportsIndirectInputEvents[sdk=iphoneos*]" = YES;
				"INFOPLIST_KEY_UIApplicationSupportsIndirectInputEvents[sdk=iphonesimulator*]" = YES;
				"INFOPLIST_KEY_UILaunchScreen_Generation[sdk=iphoneos*]" = YES;
				"INFOPLIST_KEY_UILaunchScreen_Generation[sdk=iphonesimulator*]" = YES;
				"INFOPLIST_KEY_UIStatusBarStyle[sdk=iphoneos*]" = UIStatusBarStyleDefault;
				"INFOPLIST_KEY_UIStatusBarStyle[sdk=iphonesimulator*]" = UIStatusBarStyleDefault;
				INFOPLIST_KEY_UISupportedInterfaceOrientations_iPad = "UIInterfaceOrientationPortrait UIInterfaceOrientationPortraitUpsideDown UIInterfaceOrientationLandscapeLeft UIInterfaceOrientationLandscapeRight";
				INFOPLIST_KEY_UISupportedInterfaceOrientations_iPhone = "UIInterfaceOrientationPortrait UIInterfaceOrientationLandscapeLeft UIInterfaceOrientationLandscapeRight";
				IPHONEOS_DEPLOYMENT_TARGET = 17.0;
				LD_RUNPATH_SEARCH_PATHS = "@executable_path/Frameworks";
				"LD_RUNPATH_SEARCH_PATHS[sdk=macosx*]" = "@executable_path/../Frameworks";
				MACOSX_DEPLOYMENT_TARGET = 13.3;
				MARKETING_VERSION = 1.0;
				PRODUCT_BUNDLE_IDENTIFIER = "HCI.Mindful-Moments";
				PRODUCT_NAME = "$(TARGET_NAME)";
				SDKROOT = auto;
				SUPPORTED_PLATFORMS = "iphoneos iphonesimulator macosx";
				SWIFT_EMIT_LOC_STRINGS = YES;
				SWIFT_VERSION = 5.0;
				TARGETED_DEVICE_FAMILY = "1,2";
			};
			name = Debug;
		};
		022EEB972AD8628F001291B5 /* Release */ = {
			isa = XCBuildConfiguration;
			buildSettings = {
				ASSETCATALOG_COMPILER_APPICON_NAME = AppIcon;
				ASSETCATALOG_COMPILER_GLOBAL_ACCENT_COLOR_NAME = AccentColor;
				CODE_SIGN_ENTITLEMENTS = "Mindful Moments/Mindful_Moments.entitlements";
				CODE_SIGN_STYLE = Automatic;
				CURRENT_PROJECT_VERSION = 1;
				DEVELOPMENT_ASSET_PATHS = "\"Mindful Moments/Preview Content\"";
				DEVELOPMENT_TEAM = 38MD58LJPR;
				ENABLE_HARDENED_RUNTIME = YES;
				ENABLE_PREVIEWS = YES;
				GENERATE_INFOPLIST_FILE = YES;
				"INFOPLIST_KEY_UIApplicationSceneManifest_Generation[sdk=iphoneos*]" = YES;
				"INFOPLIST_KEY_UIApplicationSceneManifest_Generation[sdk=iphonesimulator*]" = YES;
				"INFOPLIST_KEY_UIApplicationSupportsIndirectInputEvents[sdk=iphoneos*]" = YES;
				"INFOPLIST_KEY_UIApplicationSupportsIndirectInputEvents[sdk=iphonesimulator*]" = YES;
				"INFOPLIST_KEY_UILaunchScreen_Generation[sdk=iphoneos*]" = YES;
				"INFOPLIST_KEY_UILaunchScreen_Generation[sdk=iphonesimulator*]" = YES;
				"INFOPLIST_KEY_UIStatusBarStyle[sdk=iphoneos*]" = UIStatusBarStyleDefault;
				"INFOPLIST_KEY_UIStatusBarStyle[sdk=iphonesimulator*]" = UIStatusBarStyleDefault;
				INFOPLIST_KEY_UISupportedInterfaceOrientations_iPad = "UIInterfaceOrientationPortrait UIInterfaceOrientationPortraitUpsideDown UIInterfaceOrientationLandscapeLeft UIInterfaceOrientationLandscapeRight";
				INFOPLIST_KEY_UISupportedInterfaceOrientations_iPhone = "UIInterfaceOrientationPortrait UIInterfaceOrientationLandscapeLeft UIInterfaceOrientationLandscapeRight";
				IPHONEOS_DEPLOYMENT_TARGET = 17.0;
				LD_RUNPATH_SEARCH_PATHS = "@executable_path/Frameworks";
				"LD_RUNPATH_SEARCH_PATHS[sdk=macosx*]" = "@executable_path/../Frameworks";
				MACOSX_DEPLOYMENT_TARGET = 13.3;
				MARKETING_VERSION = 1.0;
				PRODUCT_BUNDLE_IDENTIFIER = "HCI.Mindful-Moments";
				PRODUCT_NAME = "$(TARGET_NAME)";
				SDKROOT = auto;
				SUPPORTED_PLATFORMS = "iphoneos iphonesimulator macosx";
				SWIFT_EMIT_LOC_STRINGS = YES;
				SWIFT_VERSION = 5.0;
				TARGETED_DEVICE_FAMILY = "1,2";
			};
			name = Release;
		};
		022EEB992AD8628F001291B5 /* Debug */ = {
			isa = XCBuildConfiguration;
			buildSettings = {
				ALWAYS_EMBED_SWIFT_STANDARD_LIBRARIES = YES;
				BUNDLE_LOADER = "$(TEST_HOST)";
				CODE_SIGN_STYLE = Automatic;
				CURRENT_PROJECT_VERSION = 1;
				DEVELOPMENT_TEAM = 5YK882636K;
				GENERATE_INFOPLIST_FILE = YES;
				IPHONEOS_DEPLOYMENT_TARGET = 17.0;
				MACOSX_DEPLOYMENT_TARGET = 13.3;
				MARKETING_VERSION = 1.0;
				PRODUCT_BUNDLE_IDENTIFIER = "HCI.Mindful-MomentsTests";
				PRODUCT_NAME = "$(TARGET_NAME)";
				SDKROOT = auto;
				SUPPORTED_PLATFORMS = "iphoneos iphonesimulator macosx";
				SWIFT_EMIT_LOC_STRINGS = NO;
				SWIFT_VERSION = 5.0;
				TARGETED_DEVICE_FAMILY = "1,2";
				TEST_HOST = "$(BUILT_PRODUCTS_DIR)/Mindful Moments.app/$(BUNDLE_EXECUTABLE_FOLDER_PATH)/Mindful Moments";
			};
			name = Debug;
		};
		022EEB9A2AD8628F001291B5 /* Release */ = {
			isa = XCBuildConfiguration;
			buildSettings = {
				ALWAYS_EMBED_SWIFT_STANDARD_LIBRARIES = YES;
				BUNDLE_LOADER = "$(TEST_HOST)";
				CODE_SIGN_STYLE = Automatic;
				CURRENT_PROJECT_VERSION = 1;
				DEVELOPMENT_TEAM = 5YK882636K;
				GENERATE_INFOPLIST_FILE = YES;
				IPHONEOS_DEPLOYMENT_TARGET = 17.0;
				MACOSX_DEPLOYMENT_TARGET = 13.3;
				MARKETING_VERSION = 1.0;
				PRODUCT_BUNDLE_IDENTIFIER = "HCI.Mindful-MomentsTests";
				PRODUCT_NAME = "$(TARGET_NAME)";
				SDKROOT = auto;
				SUPPORTED_PLATFORMS = "iphoneos iphonesimulator macosx";
				SWIFT_EMIT_LOC_STRINGS = NO;
				SWIFT_VERSION = 5.0;
				TARGETED_DEVICE_FAMILY = "1,2";
				TEST_HOST = "$(BUILT_PRODUCTS_DIR)/Mindful Moments.app/$(BUNDLE_EXECUTABLE_FOLDER_PATH)/Mindful Moments";
			};
			name = Release;
		};
		022EEB9C2AD8628F001291B5 /* Debug */ = {
			isa = XCBuildConfiguration;
			buildSettings = {
				ALWAYS_EMBED_SWIFT_STANDARD_LIBRARIES = YES;
				CODE_SIGN_STYLE = Automatic;
				CURRENT_PROJECT_VERSION = 1;
				DEVELOPMENT_TEAM = 5YK882636K;
				GENERATE_INFOPLIST_FILE = YES;
				IPHONEOS_DEPLOYMENT_TARGET = 16.4;
				MACOSX_DEPLOYMENT_TARGET = 13.3;
				MARKETING_VERSION = 1.0;
				PRODUCT_BUNDLE_IDENTIFIER = "HCI.Mindful-MomentsUITests";
				PRODUCT_NAME = "$(TARGET_NAME)";
				SDKROOT = auto;
				SUPPORTED_PLATFORMS = "iphoneos iphonesimulator macosx";
				SWIFT_EMIT_LOC_STRINGS = NO;
				SWIFT_VERSION = 5.0;
				TARGETED_DEVICE_FAMILY = "1,2";
				TEST_TARGET_NAME = "Mindful Moments";
			};
			name = Debug;
		};
		022EEB9D2AD8628F001291B5 /* Release */ = {
			isa = XCBuildConfiguration;
			buildSettings = {
				ALWAYS_EMBED_SWIFT_STANDARD_LIBRARIES = YES;
				CODE_SIGN_STYLE = Automatic;
				CURRENT_PROJECT_VERSION = 1;
				DEVELOPMENT_TEAM = 5YK882636K;
				GENERATE_INFOPLIST_FILE = YES;
				IPHONEOS_DEPLOYMENT_TARGET = 16.4;
				MACOSX_DEPLOYMENT_TARGET = 13.3;
				MARKETING_VERSION = 1.0;
				PRODUCT_BUNDLE_IDENTIFIER = "HCI.Mindful-MomentsUITests";
				PRODUCT_NAME = "$(TARGET_NAME)";
				SDKROOT = auto;
				SUPPORTED_PLATFORMS = "iphoneos iphonesimulator macosx";
				SWIFT_EMIT_LOC_STRINGS = NO;
				SWIFT_VERSION = 5.0;
				TARGETED_DEVICE_FAMILY = "1,2";
				TEST_TARGET_NAME = "Mindful Moments";
			};
			name = Release;
		};
/* End XCBuildConfiguration section */

/* Begin XCConfigurationList section */
		022EEB6B2AD86289001291B5 /* Build configuration list for PBXProject "Mindful Moments" */ = {
			isa = XCConfigurationList;
			buildConfigurations = (
				022EEB932AD8628F001291B5 /* Debug */,
				022EEB942AD8628F001291B5 /* Release */,
			);
			defaultConfigurationIsVisible = 0;
			defaultConfigurationName = Release;
		};
		022EEB952AD8628F001291B5 /* Build configuration list for PBXNativeTarget "Mindful Moments" */ = {
			isa = XCConfigurationList;
			buildConfigurations = (
				022EEB962AD8628F001291B5 /* Debug */,
				022EEB972AD8628F001291B5 /* Release */,
			);
			defaultConfigurationIsVisible = 0;
			defaultConfigurationName = Release;
		};
		022EEB982AD8628F001291B5 /* Build configuration list for PBXNativeTarget "Mindful MomentsTests" */ = {
			isa = XCConfigurationList;
			buildConfigurations = (
				022EEB992AD8628F001291B5 /* Debug */,
				022EEB9A2AD8628F001291B5 /* Release */,
			);
			defaultConfigurationIsVisible = 0;
			defaultConfigurationName = Release;
		};
		022EEB9B2AD8628F001291B5 /* Build configuration list for PBXNativeTarget "Mindful MomentsUITests" */ = {
			isa = XCConfigurationList;
			buildConfigurations = (
				022EEB9C2AD8628F001291B5 /* Debug */,
				022EEB9D2AD8628F001291B5 /* Release */,
			);
			defaultConfigurationIsVisible = 0;
			defaultConfigurationName = Release;
		};
/* End XCConfigurationList section */
	};
	rootObject = 022EEB682AD86289001291B5 /* Project object */;
}
